
Microsoft Visual Studio Solution File, Format Version 12.00
# Visual Studio Version 16
VisualStudioVersion = 16.0.31005.135
MinimumVisualStudioVersion = 10.0.40219.1
Project("{FAE04EC0-301F-11D3-BF4B-00C04F79EFBC}") = "DapperExemplos", "DapperExemplos\DapperExemplos.csproj", "{4710DB2A-8E7D-45BA-883A-40022377232C}"
EndProject
Global
	GlobalSection(SolutionConfigurationPlatforms) = preSolution
		Debug|Any CPU = Debug|Any CPU
		Release|Any CPU = Release|Any CPU
	EndGlobalSection
	GlobalSection(ProjectConfigurationPlatforms) = postSolution
		{4710DB2A-8E7D-45BA-883A-40022377232C}.Debug|Any CPU.ActiveCfg = Debug|Any CPU
		{4710DB2A-8E7D-45BA-883A-40022377232C}.Debug|Any CPU.Build.0 = Debug|Any CPU
		{4710DB2A-8E7D-45BA-883A-40022377232C}.Release|Any CPU.ActiveCfg = Release|Any CPU
		{4710DB2A-8E7D-45BA-883A-40022377232C}.Release|Any CPU.Build.0 = Release|Any CPU
	EndGlobalSection
	GlobalSection(SolutionProperties) = preSolution
		HideSolutionNode = FALSE
	EndGlobalSection
	GlobalSection(ExtensibilityGlobals) = postSolution
		SolutionGuid = {CEE5485A-CF3B-4C5C-953C-0E9F73BE0038}
	EndGlobalSection
EndGlobal
